<?xml version="1.0" encoding="UTF-8"?>
<CONFIG>
  <ProjectOptions>
    <Version Value="9"/>
    <PathDelim Value="\"/>
    <General>
      <Flags>
        <MainUnitHasCreateFormStatements Value="False"/>
        <MainUnitHasTitleStatement Value="False"/>
      </Flags>
      <MainUnit Value="0"/>
      <UseXPManifest Value="True"/>
      <Icon Value="0"/>
      <ActiveWindowIndexAtStart Value="0"/>
    </General>
    <VersionInfo>
      <Language Value=""/>
      <CharSet Value=""/>
      <StringTable ProductVersion=""/>
    </VersionInfo>
    <BuildModes Count="1">
      <Item1 Name="default" Default="True"/>
    </BuildModes>
    <PublishOptions>
      <Version Value="2"/>
      <IgnoreBinaries Value="False"/>
      <IncludeFileFilter Value="*.(pas|pp|inc|lfm|lpr|lrs|lpi|lpk|sh|xml)"/>
      <ExcludeFileFilter Value="*.(bak|ppu|ppw|o|so);*~;backup"/>
    </PublishOptions>
    <RunParams>
      <local>
        <FormatVersion Value="1"/>
        <LaunchingApplication PathPlusParams="/usr/X11R6/bin/xterm -T 'Lazarus Run Output' -e $(LazarusDir)/tools/runwait.sh $(TargetCmdLine)"/>
      </local>
    </RunParams>
    <Units Count="32">
      <Unit0>
        <Filename Value="Example.lpr"/>
        <IsPartOfProject Value="True"/>
        <UnitName Value="Example"/>
        <WindowIndex Value="0"/>
        <TopLine Value="1"/>
        <CursorPos X="1" Y="16"/>
        <UsageCount Value="22"/>
      </Unit0>
      <Unit1>
        <Filename Value="serverplugintype.pas"/>
        <UnitName Value="ServerPluginType"/>
        <TopLine Value="1"/>
        <CursorPos X="25" Y="8"/>
        <UsageCount Value="20"/>
      </Unit1>
      <Unit2>
        <Filename Value="nettype.pas"/>
        <UnitName Value="NetType"/>
        <TopLine Value="1"/>
        <CursorPos X="106" Y="13"/>
        <UsageCount Value="20"/>
      </Unit2>
      <Unit3>
        <Filename Value="plugintype.pas"/>
        <UnitName Value="PluginType"/>
        <WindowIndex Value="0"/>
        <TopLine Value="50"/>
        <CursorPos X="17" Y="10"/>
        <UsageCount Value="21"/>
      </Unit3>
      <Unit4>
        <Filename Value="authnettype.pas"/>
        <UnitName Value="AuthNetType"/>
        <TopLine Value="11"/>
        <CursorPos X="35" Y="11"/>
        <UsageCount Value="20"/>
      </Unit4>
      <Unit5>
        <Filename Value="dllstr.pas"/>
        <UnitName Value="DllStr"/>
        <TopLine Value="1"/>
        <CursorPos X="42" Y="12"/>
        <UsageCount Value="20"/>
      </Unit5>
      <Unit6>
        <Filename Value="..\lib_shared\maintype.pas"/>
        <UnitName Value="MainType"/>
        <WindowIndex Value="0"/>
        <TopLine Value="4"/>
        <CursorPos X="1" Y="20"/>
        <UsageCount Value="21"/>
      </Unit6>
      <Unit7>
        <Filename Value="mainunit.pas"/>
        <IsPartOfProject Value="True"/>
        <UnitName Value="MainUnit"/>
        <IsVisibleTab Value="True"/>
        <EditorIndex Value="0"/>
        <WindowIndex Value="0"/>
        <TopLine Value="1"/>
        <CursorPos X="32" Y="8"/>
        <UsageCount Value="22"/>
        <Loaded Value="True"/>
      </Unit7>
      <Unit8>
        <Filename Value="mplugintype.pas"/>
        <UnitName Value="MPluginType"/>
        <WindowIndex Value="0"/>
        <TopLine Value="19"/>
        <CursorPos X="28" Y="14"/>
        <UsageCount Value="21"/>
      </Unit8>
      <Unit9>
        <Filename Value="spectrumdata.pas"/>
        <UnitName Value="SpectrumData"/>
        <TopLine Value="36"/>
        <CursorPos X="1" Y="36"/>
        <UsageCount Value="20"/>
      </Unit9>
      <Unit10>
        <Filename Value="vpbuffers.pas"/>
        <UnitName Value="VPBuffers"/>
        <TopLine Value="1"/>
        <CursorPos X="24" Y="6"/>
        <UsageCount Value="20"/>
      </Unit10>
      <Unit11>
        <Filename Value="vistype.pas"/>
        <UnitName Value="VisType"/>
        <WindowIndex Value="0"/>
        <TopLine Value="3"/>
        <CursorPos X="22" Y="14"/>
        <UsageCount Value="20"/>
      </Unit11>
      <Unit12>
        <Filename Value="clientnettype.pas"/>
        <UnitName Value="ClientNetType"/>
        <TopLine Value="1"/>
        <CursorPos X="55" Y="19"/>
        <UsageCount Value="20"/>
      </Unit12>
      <Unit13>
        <Filename Value="mnettype.pas"/>
        <UnitName Value="MNetType"/>
        <TopLine Value="1"/>
        <CursorPos X="1" Y="9"/>
        <UsageCount Value="10"/>
      </Unit13>
      <Unit14>
        <Filename Value="viswintype.pas"/>
        <UnitName Value="VisWinType"/>
        <TopLine Value="1"/>
        <CursorPos X="28" Y="12"/>
        <UsageCount Value="20"/>
      </Unit14>
      <Unit15>
        <Filename Value="stddllinterfaces.pas"/>
        <UnitName Value="StdDllInterfaces"/>
        <TopLine Value="8"/>
        <CursorPos X="44" Y="19"/>
        <UsageCount Value="20"/>
      </Unit15>
      <Unit16>
        <Filename Value="picturetype.pas"/>
        <UnitName Value="PictureType"/>
        <WindowIndex Value="0"/>
        <TopLine Value="1"/>
        <CursorPos X="34" Y="7"/>
        <UsageCount Value="20"/>
      </Unit16>
      <Unit17>
        <Filename Value="..\shared\interfaces\plugintype.pas"/>
        <IsPartOfProject Value="True"/>
        <UnitName Value="PluginType"/>
        <WindowIndex Value="0"/>
        <TopLine Value="65"/>
        <CursorPos X="1" Y="1"/>
        <UsageCount Value="21"/>
      </Unit17>
      <Unit18>
        <Filename Value="..\shared\interfaces\mplugintype4.pas"/>
        <IsPartOfProject Value="True"/>
        <UnitName Value="MPluginType4"/>
        <WindowIndex Value="0"/>
        <TopLine Value="1"/>
        <CursorPos X="43" Y="17"/>
        <UsageCount Value="21"/>
      </Unit18>
      <Unit19>
        <Filename Value="..\shared\utilities\valuestorages.pas"/>
        <UnitName Value="ValueStorages"/>
        <WindowIndex Value="0"/>
        <TopLine Value="1"/>
        <CursorPos X="1" Y="1"/>
        <UsageCount Value="10"/>
      </Unit19>
      <Unit20>
        <Filename Value="..\shared\prototypes\viseventimpl.pas"/>
        <UnitName Value="VisEventImpl"/>
        <WindowIndex Value="0"/>
        <TopLine Value="1"/>
        <CursorPos X="1" Y="1"/>
        <UsageCount Value="10"/>
      </Unit20>
      <Unit21>
        <Filename Value="..\shared\interfaces\canvastype.pas"/>
        <UnitName Value="CanvasType"/>
        <WindowIndex Value="0"/>
        <TopLine Value="1"/>
        <CursorPos X="1" Y="1"/>
        <UsageCount Value="10"/>
      </Unit21>
      <Unit22>
        <Filename Value="..\shared\interfaces\mstrings.pas"/>
        <UnitName Value="MStrings"/>
        <WindowIndex Value="0"/>
        <TopLine Value="35"/>
        <CursorPos X="1" Y="1"/>
        <UsageCount Value="10"/>
      </Unit22>
      <Unit23>
        <Filename Value="..\shared\interfaces\paramtype2.pas"/>
        <IsPartOfProject Value="True"/>
        <UnitName Value="ParamType2"/>
        <WindowIndex Value="0"/>
        <TopLine Value="1"/>
        <CursorPos X="49" Y="14"/>
        <UsageCount Value="20"/>
      </Unit23>
      <Unit24>
        <Filename Value="..\shared\interfaces\presettype.pas"/>
        <UnitName Value="PresetType"/>
        <WindowIndex Value="0"/>
        <TopLine Value="1"/>
        <CursorPos X="47" Y="8"/>
        <UsageCount Value="10"/>
      </Unit24>
      <Unit25>
        <Filename Value="..\shared\interfaces\spectrumdata.pas"/>
        <UnitName Value="SpectrumData"/>
        <WindowIndex Value="0"/>
        <TopLine Value="1"/>
        <CursorPos X="40" Y="8"/>
        <UsageCount Value="10"/>
      </Unit25>
      <Unit26>
        <Filename Value="..\shared\interfaces\stdparamtypes.pas"/>
        <UnitName Value="StdParamTypes"/>
        <WindowIndex Value="0"/>
        <TopLine Value="132"/>
        <CursorPos X="1" Y="1"/>
        <UsageCount Value="10"/>
      </Unit26>
      <Unit27>
        <Filename Value="..\shared\interfaces\vistype2.pas"/>
        <UnitName Value="VisType2"/>
        <WindowIndex Value="0"/>
        <TopLine Value="188"/>
        <CursorPos X="36" Y="200"/>
        <UsageCount Value="10"/>
      </Unit27>
      <Unit28>
        <Filename Value="..\shared\interfaces\mtypes.pas"/>
        <IsPartOfProject Value="True"/>
        <UnitName Value="MTypes"/>
        <WindowIndex Value="0"/>
        <TopLine Value="1"/>
        <CursorPos X="1" Y="1"/>
        <UsageCount Value="20"/>
      </Unit28>
      <Unit29>
        <Filename Value="..\shared\interfaces\tagtype.pas"/>
        <IsPartOfProject Value="True"/>
        <UnitName Value="TagType"/>
        <WindowIndex Value="0"/>
        <TopLine Value="1"/>
        <CursorPos X="1" Y="1"/>
        <UsageCount Value="20"/>
      </Unit29>
      <Unit30>
        <Filename Value="..\shared\legacy\vpbuffers.pas"/>
        <IsPartOfProject Value="True"/>
        <UnitName Value="VPBuffers"/>
        <WindowIndex Value="0"/>
        <TopLine Value="1"/>
        <CursorPos X="1" Y="1"/>
        <UsageCount Value="20"/>
      </Unit30>
      <Unit31>
        <Filename Value="..\shared\include\libmain.inc"/>
        <IsPartOfProject Value="True"/>
        <WindowIndex Value="0"/>
        <TopLine Value="1"/>
        <CursorPos X="1" Y="42"/>
        <UsageCount Value="20"/>
      </Unit31>
    </Units>
    <JumpHistory Count="4" HistoryIndex="3">
      <Position1>
        <Filename Value="mainunit.pas"/>
        <Caret Line="5" Column="17" TopLine="1"/>
      </Position1>
      <Position2>
        <Filename Value="mainunit.pas"/>
        <Caret Line="8" Column="40" TopLine="1"/>
      </Position2>
      <Position3>
        <Filename Value="mainunit.pas"/>
        <Caret Line="8" Column="39" TopLine="1"/>
      </Position3>
      <Position4>
        <Filename Value="mainunit.pas"/>
        <Caret Line="8" Column="39" TopLine="1"/>
      </Position4>
    </JumpHistory>
  </ProjectOptions>
  <CompilerOptions>
    <Version Value="11"/>
    <PathDelim Value="\"/>
    <SearchPaths>
      <IncludeFiles Value="$(ProjOutDir);..\shared\include"/>
      <OtherUnitFiles Value="..\shared\interfaces;..\shared\legacy"/>
    </SearchPaths>
    <Parsing>
      <SyntaxOptions>
        <UseAnsiStrings Value="False"/>
      </SyntaxOptions>
    </Parsing>
    <Linking>
      <Debugging>
        <GenerateDebugInfo Value="False"/>
        <UseLineInfoUnit Value="False"/>
      </Debugging>
      <Options>
        <ExecutableType Value="Library"/>
      </Options>
    </Linking>
    <Other>
      <CompilerPath Value="$(CompPath)"/>
    </Other>
  </CompilerOptions>
  <Debugging>
    <Exceptions Count="3">
      <Item1>
        <Name Value="EAbort"/>
      </Item1>
      <Item2>
        <Name Value="ECodetoolError"/>
      </Item2>
      <Item3>
        <Name Value="EFOpenError"/>
      </Item3>
    </Exceptions>
  </Debugging>
  <EditorMacros Count="0"/>
</CONFIG>
