<?xml version="1.0" encoding="UTF-8"?>
<CONFIG>
  <ProjectOptions>
    <Version Value="9"/>
    <PathDelim Value="\"/>
    <General>
      <Flags>
        <MainUnitHasCreateFormStatements Value="False"/>
        <MainUnitHasTitleStatement Value="False"/>
      </Flags>
      <MainUnit Value="0"/>
      <Title Value="Geometry"/>
      <UseXPManifest Value="True"/>
      <Icon Value="0"/>
    </General>
    <VersionInfo>
      <Language Value=""/>
      <CharSet Value=""/>
      <StringTable ProductVersion=""/>
    </VersionInfo>
    <BuildModes Count="1">
      <Item1 Name="default" Default="True"/>
    </BuildModes>
    <PublishOptions>
      <Version Value="2"/>
      <IgnoreBinaries Value="False"/>
      <IncludeFileFilter Value="*.(pas|pp|inc|lfm|lpr|lrs|lpi|lpk|sh|xml)"/>
      <ExcludeFileFilter Value="*.(bak|ppu|ppw|o|so);*~;backup"/>
    </PublishOptions>
    <RunParams>
      <local>
        <FormatVersion Value="1"/>
        <LaunchingApplication PathPlusParams="/usr/X11R6/bin/xterm -T 'Lazarus Run Output' -e $(LazarusDir)/tools/runwait.sh $(TargetCmdLine)"/>
      </local>
    </RunParams>
    <Units Count="22">
      <Unit0>
        <Filename Value="Geometry.lpr"/>
        <IsPartOfProject Value="True"/>
        <EditorIndex Value="3"/>
        <TopLine Value="21"/>
        <CursorPos X="30" Y="31"/>
        <UsageCount Value="39"/>
        <Loaded Value="True"/>
      </Unit0>
      <Unit1>
        <Filename Value="serverplugintype.pas"/>
        <UnitName Value="ServerPluginType"/>
        <CursorPos X="25" Y="8"/>
        <UsageCount Value="20"/>
      </Unit1>
      <Unit2>
        <Filename Value="nettype.pas"/>
        <UnitName Value="NetType"/>
        <CursorPos X="106" Y="13"/>
        <UsageCount Value="20"/>
      </Unit2>
      <Unit3>
        <Filename Value="plugintype.pas"/>
        <IsPartOfProject Value="True"/>
        <UnitName Value="PluginType"/>
        <CursorPos X="23" Y="5"/>
        <UsageCount Value="39"/>
      </Unit3>
      <Unit4>
        <Filename Value="authnettype.pas"/>
        <UnitName Value="AuthNetType"/>
        <TopLine Value="11"/>
        <CursorPos X="35" Y="11"/>
        <UsageCount Value="20"/>
      </Unit4>
      <Unit5>
        <Filename Value="dllstr.pas"/>
        <IsPartOfProject Value="True"/>
        <UnitName Value="DllStr"/>
        <CursorPos X="42" Y="12"/>
        <UsageCount Value="38"/>
      </Unit5>
      <Unit6>
        <Filename Value="maintype.pas"/>
        <IsPartOfProject Value="True"/>
        <UnitName Value="MainType"/>
        <TopLine Value="10"/>
        <CursorPos X="35"/>
        <UsageCount Value="39"/>
      </Unit6>
      <Unit7>
        <Filename Value="mainunit.pas"/>
        <IsPartOfProject Value="True"/>
        <UnitName Value="MainUnit"/>
        <TopLine Value="5"/>
        <CursorPos X="277" Y="26"/>
        <UsageCount Value="39"/>
        <Loaded Value="True"/>
      </Unit7>
      <Unit8>
        <Filename Value="mplugintype.pas"/>
        <IsPartOfProject Value="True"/>
        <UnitName Value="MPluginType"/>
        <TopLine Value="14"/>
        <CursorPos X="15" Y="24"/>
        <UsageCount Value="39"/>
      </Unit8>
      <Unit9>
        <Filename Value="spectrumdata.pas"/>
        <IsPartOfProject Value="True"/>
        <UnitName Value="SpectrumData"/>
        <TopLine Value="36"/>
        <CursorPos Y="36"/>
        <UsageCount Value="38"/>
      </Unit9>
      <Unit10>
        <Filename Value="vpbuffers.pas"/>
        <IsPartOfProject Value="True"/>
        <UnitName Value="VPBuffers"/>
        <TopLine Value="15"/>
        <CursorPos X="3" Y="11"/>
        <UsageCount Value="38"/>
      </Unit10>
      <Unit11>
        <Filename Value="vistype.pas"/>
        <IsPartOfProject Value="True"/>
        <UnitName Value="VisType"/>
        <TopLine Value="51"/>
        <CursorPos Y="72"/>
        <UsageCount Value="38"/>
      </Unit11>
      <Unit12>
        <Filename Value="clientnettype.pas"/>
        <IsPartOfProject Value="True"/>
        <UnitName Value="ClientNetType"/>
        <CursorPos X="55" Y="19"/>
        <UsageCount Value="38"/>
      </Unit12>
      <Unit13>
        <Filename Value="mnettype.pas"/>
        <UnitName Value="MNetType"/>
        <CursorPos Y="9"/>
        <UsageCount Value="10"/>
      </Unit13>
      <Unit14>
        <Filename Value="viswintype.pas"/>
        <IsPartOfProject Value="True"/>
        <UnitName Value="VisWinType"/>
        <CursorPos X="28" Y="12"/>
        <UsageCount Value="38"/>
      </Unit14>
      <Unit15>
        <Filename Value="stddllinterfaces.pas"/>
        <IsPartOfProject Value="True"/>
        <UnitName Value="StdDllInterfaces"/>
        <TopLine Value="8"/>
        <CursorPos X="44" Y="19"/>
        <UsageCount Value="38"/>
      </Unit15>
      <Unit16>
        <Filename Value="geometryunit.pas"/>
        <IsPartOfProject Value="True"/>
        <UnitName Value="GeometryUnit"/>
        <EditorIndex Value="2"/>
        <TopLine Value="585"/>
        <CursorPos X="43" Y="592"/>
        <UsageCount Value="38"/>
        <Bookmarks Count="5">
          <Item0 Y="558" ID="9"/>
          <Item1 X="10" Y="687" ID="6"/>
          <Item2 X="5" Y="110" ID="8"/>
          <Item3 Y="221" ID="4"/>
          <Item4 X="24" Y="287" ID="5"/>
        </Bookmarks>
        <Loaded Value="True"/>
      </Unit16>
      <Unit17>
        <Filename Value="graphx32.pas"/>
        <IsPartOfProject Value="True"/>
        <UnitName Value="GraphX32"/>
        <CursorPos X="54" Y="14"/>
        <UsageCount Value="37"/>
      </Unit17>
      <Unit18>
        <Filename Value="advcoord.pas"/>
        <IsPartOfProject Value="True"/>
        <UnitName Value="AdvCoord"/>
        <TopLine Value="5"/>
        <CursorPos X="3" Y="15"/>
        <UsageCount Value="37"/>
      </Unit18>
      <Unit19>
        <Filename Value="P:\lazarus0928\fpc\2.2.4\source\rtl\objpas\classes\classesh.inc"/>
        <TopLine Value="1742"/>
        <CursorPos X="10" Y="1755"/>
        <UsageCount Value="10"/>
      </Unit19>
      <Unit20>
        <Filename Value="advfunc.pas"/>
        <IsPartOfProject Value="True"/>
        <UnitName Value="AdvFunc"/>
        <IsVisibleTab Value="True"/>
        <EditorIndex Value="1"/>
        <TopLine Value="28"/>
        <CursorPos X="56" Y="45"/>
        <UsageCount Value="35"/>
        <Loaded Value="True"/>
      </Unit20>
      <Unit21>
        <Filename Value="P:\lazarus0930\fpc\2.4.2\source\rtl\inc\systemh.inc"/>
        <TopLine Value="571"/>
        <CursorPos X="11" Y="581"/>
        <UsageCount Value="10"/>
      </Unit21>
    </Units>
    <JumpHistory Count="30" HistoryIndex="29">
      <Position1>
        <Filename Value="geometryunit.pas"/>
        <Caret Line="568" Column="19" TopLine="560"/>
      </Position1>
      <Position2>
        <Filename Value="Geometry.lpr"/>
        <Caret Line="28" Column="39" TopLine="16"/>
      </Position2>
      <Position3>
        <Filename Value="geometryunit.pas"/>
        <Caret Line="473" Column="13" TopLine="461"/>
      </Position3>
      <Position4>
        <Filename Value="geometryunit.pas"/>
        <Caret Line="580" Column="11" TopLine="569"/>
      </Position4>
      <Position5>
        <Filename Value="geometryunit.pas"/>
        <Caret Line="578" Column="57" TopLine="571"/>
      </Position5>
      <Position6>
        <Filename Value="geometryunit.pas"/>
        <Caret Line="474" Column="34" TopLine="464"/>
      </Position6>
      <Position7>
        <Filename Value="geometryunit.pas"/>
        <Caret Line="89" Column="4" TopLine="78"/>
      </Position7>
      <Position8>
        <Filename Value="geometryunit.pas"/>
        <Caret Line="475" Column="42" TopLine="465"/>
      </Position8>
      <Position9>
        <Filename Value="geometryunit.pas"/>
        <Caret Line="479" Column="40" TopLine="465"/>
      </Position9>
      <Position10>
        <Filename Value="geometryunit.pas"/>
        <Caret Line="484" Column="42" TopLine="467"/>
      </Position10>
      <Position11>
        <Filename Value="geometryunit.pas"/>
        <Caret Line="592" Column="48" TopLine="580"/>
      </Position11>
      <Position12>
        <Filename Value="geometryunit.pas"/>
        <Caret Line="481" Column="14" TopLine="471"/>
      </Position12>
      <Position13>
        <Filename Value="geometryunit.pas"/>
        <Caret Line="109" Column="62" TopLine="95"/>
      </Position13>
      <Position14>
        <Filename Value="geometryunit.pas"/>
        <Caret Line="505" Column="8" TopLine="493"/>
      </Position14>
      <Position15>
        <Filename Value="geometryunit.pas"/>
        <Caret Line="107" Column="51" TopLine="95"/>
      </Position15>
      <Position16>
        <Filename Value="geometryunit.pas"/>
        <Caret Line="487" Column="15" TopLine="480"/>
      </Position16>
      <Position17>
        <Filename Value="geometryunit.pas"/>
        <Caret Line="30" TopLine="18"/>
      </Position17>
      <Position18>
        <Filename Value="mainunit.pas"/>
        <Caret Line="21" Column="54" TopLine="17"/>
      </Position18>
      <Position19>
        <Filename Value="geometryunit.pas"/>
        <Caret Line="206" TopLine="200"/>
      </Position19>
      <Position20>
        <Filename Value="geometryunit.pas"/>
        <Caret Line="214" Column="32" TopLine="208"/>
      </Position20>
      <Position21>
        <Filename Value="geometryunit.pas"/>
        <Caret Line="229" Column="79" TopLine="221"/>
      </Position21>
      <Position22>
        <Filename Value="geometryunit.pas"/>
        <Caret Line="53" Column="21" TopLine="45"/>
      </Position22>
      <Position23>
        <Filename Value="mainunit.pas"/>
        <Caret Line="21" Column="54" TopLine="17"/>
      </Position23>
      <Position24>
        <Filename Value="Geometry.lpr"/>
        <Caret Line="25" Column="25" TopLine="7"/>
      </Position24>
      <Position25>
        <Filename Value="geometryunit.pas"/>
        <Caret Line="83" Column="75" TopLine="77"/>
      </Position25>
      <Position26>
        <Filename Value="geometryunit.pas"/>
        <Caret Line="499" Column="22" TopLine="484"/>
      </Position26>
      <Position27>
        <Filename Value="geometryunit.pas"/>
        <Caret Line="510" Column="19" TopLine="498"/>
      </Position27>
      <Position28>
        <Filename Value="geometryunit.pas"/>
        <Caret Line="85" Column="7" TopLine="71"/>
      </Position28>
      <Position29>
        <Filename Value="advfunc.pas"/>
        <Caret Line="6" Column="40" TopLine="5"/>
      </Position29>
      <Position30>
        <Filename Value="advfunc.pas"/>
        <Caret Line="564" Column="20" TopLine="537"/>
      </Position30>
    </JumpHistory>
  </ProjectOptions>
  <CompilerOptions>
    <Version Value="11"/>
    <PathDelim Value="\"/>
    <SearchPaths>
      <IncludeFiles Value="$(ProjOutDir)"/>
    </SearchPaths>
    <Parsing>
      <SyntaxOptions>
        <UseAnsiStrings Value="False"/>
      </SyntaxOptions>
    </Parsing>
    <Linking>
      <Debugging>
        <GenerateDebugInfo Value="False"/>
        <UseLineInfoUnit Value="False"/>
      </Debugging>
      <Options>
        <ExecutableType Value="Library"/>
      </Options>
    </Linking>
  </CompilerOptions>
  <Debugging>
    <Exceptions Count="3">
      <Item1>
        <Name Value="EAbort"/>
      </Item1>
      <Item2>
        <Name Value="ECodetoolError"/>
      </Item2>
      <Item3>
        <Name Value="EFOpenError"/>
      </Item3>
    </Exceptions>
  </Debugging>
</CONFIG>
